
Microsoft Visual Studio Solution File, Format Version 12.00
# Visual Studio Version 17
VisualStudioVersion = 17.1.32210.238
MinimumVisualStudioVersion = 10.0.40219.1
Project("{9A19103F-16F7-4668-BE54-9A1E7A4F7556}") = "Orng.Starwatch.API", "Orng.Starwatch.API.csproj", "{A211D150-E901-46DA-A437-E9D08D4DFBFC}"
EndProject
Project("{FAE04EC0-301F-11D3-BF4B-00C04F79EFBC}") = "Orng.Starwatch.API.Tests", "..\Orng.Starwatch.API.Tests\Orng.Starwatch.API.Tests.csproj", "{EA155B90-F234-420C-B1CD-79DC8FD8C9D1}"
EndProject
Global
	GlobalSection(SolutionConfigurationPlatforms) = preSolution
		Debug|Any CPU = Debug|Any CPU
		Release|Any CPU = Release|Any CPU
	EndGlobalSection
	GlobalSection(ProjectConfigurationPlatforms) = postSolution
		{A211D150-E901-46DA-A437-E9D08D4DFBFC}.Debug|Any CPU.ActiveCfg = Debug|Any CPU
		{A211D150-E901-46DA-A437-E9D08D4DFBFC}.Debug|Any CPU.Build.0 = Debug|Any CPU
		{A211D150-E901-46DA-A437-E9D08D4DFBFC}.Release|Any CPU.ActiveCfg = Release|Any CPU
		{A211D150-E901-46DA-A437-E9D08D4DFBFC}.Release|Any CPU.Build.0 = Release|Any CPU
		{EA155B90-F234-420C-B1CD-79DC8FD8C9D1}.Debug|Any CPU.ActiveCfg = Debug|Any CPU
		{EA155B90-F234-420C-B1CD-79DC8FD8C9D1}.Debug|Any CPU.Build.0 = Debug|Any CPU
		{EA155B90-F234-420C-B1CD-79DC8FD8C9D1}.Release|Any CPU.ActiveCfg = Release|Any CPU
		{EA155B90-F234-420C-B1CD-79DC8FD8C9D1}.Release|Any CPU.Build.0 = Release|Any CPU
	EndGlobalSection
	GlobalSection(SolutionProperties) = preSolution
		HideSolutionNode = FALSE
	EndGlobalSection
	GlobalSection(ExtensibilityGlobals) = postSolution
		SolutionGuid = {1A3BBA34-7D81-48B7-B388-A57C41DC0456}
	EndGlobalSection
EndGlobal
